// !$*UTF8*$!
{
	archiveVersion = 1;
	classes = {
	};
	objectVersion = 55;
	objects = {

/* Begin PBXBuildFile section */
		8208567228F332D600478652 /* AnasayfaPresenter.swift in Sources */ = {isa = PBXBuildFile; fileRef = 8208567128F332D600478652 /* AnasayfaPresenter.swift */; };
		8208567428F332FA00478652 /* AnasayfaInteractor.swift in Sources */ = {isa = PBXBuildFile; fileRef = 8208567328F332FA00478652 /* AnasayfaInteractor.swift */; };
		8208567628F3331300478652 /* AnasayfaRouter.swift in Sources */ = {isa = PBXBuildFile; fileRef = 8208567528F3331300478652 /* AnasayfaRouter.swift */; };
		8208567828F3332900478652 /* AnasayfaProtocols.swift in Sources */ = {isa = PBXBuildFile; fileRef = 8208567728F3332900478652 /* AnasayfaProtocols.swift */; };
		8208568228F3369800478652 /* KisiKayitPresenter.swift in Sources */ = {isa = PBXBuildFile; fileRef = 8208568128F3369800478652 /* KisiKayitPresenter.swift */; };
		8208568428F336AA00478652 /* KisiKayitInteractor.swift in Sources */ = {isa = PBXBuildFile; fileRef = 8208568328F336AA00478652 /* KisiKayitInteractor.swift */; };
		8208568628F336BE00478652 /* KisiKayitRouter.swift in Sources */ = {isa = PBXBuildFile; fileRef = 8208568528F336BE00478652 /* KisiKayitRouter.swift */; };
		8208568828F336D300478652 /* KisiKayitProtocols.swift in Sources */ = {isa = PBXBuildFile; fileRef = 8208568728F336D300478652 /* KisiKayitProtocols.swift */; };
		8208569028F3374500478652 /* KisiDetayPresenter.swift in Sources */ = {isa = PBXBuildFile; fileRef = 8208568F28F3374500478652 /* KisiDetayPresenter.swift */; };
		8208569228F3375F00478652 /* KisiDetayInteractor.swift in Sources */ = {isa = PBXBuildFile; fileRef = 8208569128F3375F00478652 /* KisiDetayInteractor.swift */; };
		8208569428F3377100478652 /* KisiDetayRouter.swift in Sources */ = {isa = PBXBuildFile; fileRef = 8208569328F3377100478652 /* KisiDetayRouter.swift */; };
		8208569628F3378500478652 /* KisiDetayProtocols.swift in Sources */ = {isa = PBXBuildFile; fileRef = 8208569528F3378500478652 /* KisiDetayProtocols.swift */; };
		8220475F28EC98BD0001637D /* TableViewHucre.swift in Sources */ = {isa = PBXBuildFile; fileRef = 8220475E28EC98BD0001637D /* TableViewHucre.swift */; };
		82F175B528EA132900D754DE /* AppDelegate.swift in Sources */ = {isa = PBXBuildFile; fileRef = 82F175B428EA132900D754DE /* AppDelegate.swift */; };
		82F175B728EA132900D754DE /* SceneDelegate.swift in Sources */ = {isa = PBXBuildFile; fileRef = 82F175B628EA132900D754DE /* SceneDelegate.swift */; };
		82F175B928EA132900D754DE /* AnasayfaVC.swift in Sources */ = {isa = PBXBuildFile; fileRef = 82F175B828EA132900D754DE /* AnasayfaVC.swift */; };
		82F175BC28EA132900D754DE /* Main.storyboard in Resources */ = {isa = PBXBuildFile; fileRef = 82F175BA28EA132900D754DE /* Main.storyboard */; };
		82F175BE28EA132B00D754DE /* Assets.xcassets in Resources */ = {isa = PBXBuildFile; fileRef = 82F175BD28EA132B00D754DE /* Assets.xcassets */; };
		82F175C128EA132B00D754DE /* LaunchScreen.storyboard in Resources */ = {isa = PBXBuildFile; fileRef = 82F175BF28EA132B00D754DE /* LaunchScreen.storyboard */; };
		82F175C928EA14FD00D754DE /* KisiKayitVC.swift in Sources */ = {isa = PBXBuildFile; fileRef = 82F175C828EA14FD00D754DE /* KisiKayitVC.swift */; };
		82F175CB28EA151D00D754DE /* KisiDetayVC.swift in Sources */ = {isa = PBXBuildFile; fileRef = 82F175CA28EA151D00D754DE /* KisiDetayVC.swift */; };
		82F175CD28EA1E7100D754DE /* Kisiler.swift in Sources */ = {isa = PBXBuildFile; fileRef = 82F175CC28EA1E7100D754DE /* Kisiler.swift */; };
/* End PBXBuildFile section */

/* Begin PBXFileReference section */
		8208567128F332D600478652 /* AnasayfaPresenter.swift */ = {isa = PBXFileReference; lastKnownFileType = sourcecode.swift; path = AnasayfaPresenter.swift; sourceTree = "<group>"; };
		8208567328F332FA00478652 /* AnasayfaInteractor.swift */ = {isa = PBXFileReference; lastKnownFileType = sourcecode.swift; path = AnasayfaInteractor.swift; sourceTree = "<group>"; };
		8208567528F3331300478652 /* AnasayfaRouter.swift */ = {isa = PBXFileReference; lastKnownFileType = sourcecode.swift; path = AnasayfaRouter.swift; sourceTree = "<group>"; };
		8208567728F3332900478652 /* AnasayfaProtocols.swift */ = {isa = PBXFileReference; lastKnownFileType = sourcecode.swift; path = AnasayfaProtocols.swift; sourceTree = "<group>"; };
		8208568128F3369800478652 /* KisiKayitPresenter.swift */ = {isa = PBXFileReference; lastKnownFileType = sourcecode.swift; path = KisiKayitPresenter.swift; sourceTree = "<group>"; };
		8208568328F336AA00478652 /* KisiKayitInteractor.swift */ = {isa = PBXFileReference; lastKnownFileType = sourcecode.swift; path = KisiKayitInteractor.swift; sourceTree = "<group>"; };
		8208568528F336BE00478652 /* KisiKayitRouter.swift */ = {isa = PBXFileReference; lastKnownFileType = sourcecode.swift; path = KisiKayitRouter.swift; sourceTree = "<group>"; };
		8208568728F336D300478652 /* KisiKayitProtocols.swift */ = {isa = PBXFileReference; lastKnownFileType = sourcecode.swift; path = KisiKayitProtocols.swift; sourceTree = "<group>"; };
		8208568F28F3374500478652 /* KisiDetayPresenter.swift */ = {isa = PBXFileReference; lastKnownFileType = sourcecode.swift; path = KisiDetayPresenter.swift; sourceTree = "<group>"; };
		8208569128F3375F00478652 /* KisiDetayInteractor.swift */ = {isa = PBXFileReference; lastKnownFileType = sourcecode.swift; path = KisiDetayInteractor.swift; sourceTree = "<group>"; };
		8208569328F3377100478652 /* KisiDetayRouter.swift */ = {isa = PBXFileReference; lastKnownFileType = sourcecode.swift; path = KisiDetayRouter.swift; sourceTree = "<group>"; };
		8208569528F3378500478652 /* KisiDetayProtocols.swift */ = {isa = PBXFileReference; lastKnownFileType = sourcecode.swift; path = KisiDetayProtocols.swift; sourceTree = "<group>"; };
		8220475E28EC98BD0001637D /* TableViewHucre.swift */ = {isa = PBXFileReference; lastKnownFileType = sourcecode.swift; path = TableViewHucre.swift; sourceTree = "<group>"; };
		82F175B128EA132900D754DE /* KisilerUygulamasi.app */ = {isa = PBXFileReference; explicitFileType = wrapper.application; includeInIndex = 0; path = KisilerUygulamasi.app; sourceTree = BUILT_PRODUCTS_DIR; };
		82F175B428EA132900D754DE /* AppDelegate.swift */ = {isa = PBXFileReference; lastKnownFileType = sourcecode.swift; path = AppDelegate.swift; sourceTree = "<group>"; };
		82F175B628EA132900D754DE /* SceneDelegate.swift */ = {isa = PBXFileReference; lastKnownFileType = sourcecode.swift; path = SceneDelegate.swift; sourceTree = "<group>"; };
		82F175B828EA132900D754DE /* AnasayfaVC.swift */ = {isa = PBXFileReference; lastKnownFileType = sourcecode.swift; path = AnasayfaVC.swift; sourceTree = "<group>"; };
		82F175BB28EA132900D754DE /* Base */ = {isa = PBXFileReference; lastKnownFileType = file.storyboard; name = Base; path = Base.lproj/Main.storyboard; sourceTree = "<group>"; };
		82F175BD28EA132B00D754DE /* Assets.xcassets */ = {isa = PBXFileReference; lastKnownFileType = folder.assetcatalog; path = Assets.xcassets; sourceTree = "<group>"; };
		82F175C028EA132B00D754DE /* Base */ = {isa = PBXFileReference; lastKnownFileType = file.storyboard; name = Base; path = Base.lproj/LaunchScreen.storyboard; sourceTree = "<group>"; };
		82F175C228EA132B00D754DE /* Info.plist */ = {isa = PBXFileReference; lastKnownFileType = text.plist.xml; path = Info.plist; sourceTree = "<group>"; };
		82F175C828EA14FD00D754DE /* KisiKayitVC.swift */ = {isa = PBXFileReference; lastKnownFileType = sourcecode.swift; path = KisiKayitVC.swift; sourceTree = "<group>"; };
		82F175CA28EA151D00D754DE /* KisiDetayVC.swift */ = {isa = PBXFileReference; lastKnownFileType = sourcecode.swift; path = KisiDetayVC.swift; sourceTree = "<group>"; };
		82F175CC28EA1E7100D754DE /* Kisiler.swift */ = {isa = PBXFileReference; lastKnownFileType = sourcecode.swift; path = Kisiler.swift; sourceTree = "<group>"; };
/* End PBXFileReference section */

/* Begin PBXFrameworksBuildPhase section */
		82F175AE28EA132900D754DE /* Frameworks */ = {
			isa = PBXFrameworksBuildPhase;
			buildActionMask = 2147483647;
			files = (
			);
			runOnlyForDeploymentPostprocessing = 0;
		};
/* End PBXFrameworksBuildPhase section */

/* Begin PBXGroup section */
		8208566A28F3325900478652 /* anasayfa-module */ = {
			isa = PBXGroup;
			children = (
				8208567028F3328B00478652 /* tableview */,
				8208566F28F3328300478652 /* protocols */,
				8208566E28F3327B00478652 /* router */,
				8208566D28F3327300478652 /* interactor */,
				8208566C28F3326C00478652 /* presenter */,
				8208566B28F3326500478652 /* view */,
			);
			path = "anasayfa-module";
			sourceTree = "<group>";
		};
		8208566B28F3326500478652 /* view */ = {
			isa = PBXGroup;
			children = (
				82F175B828EA132900D754DE /* AnasayfaVC.swift */,
			);
			path = view;
			sourceTree = "<group>";
		};
		8208566C28F3326C00478652 /* presenter */ = {
			isa = PBXGroup;
			children = (
				8208567128F332D600478652 /* AnasayfaPresenter.swift */,
			);
			path = presenter;
			sourceTree = "<group>";
		};
		8208566D28F3327300478652 /* interactor */ = {
			isa = PBXGroup;
			children = (
				8208567328F332FA00478652 /* AnasayfaInteractor.swift */,
			);
			path = interactor;
			sourceTree = "<group>";
		};
		8208566E28F3327B00478652 /* router */ = {
			isa = PBXGroup;
			children = (
				8208567528F3331300478652 /* AnasayfaRouter.swift */,
			);
			path = router;
			sourceTree = "<group>";
		};
		8208566F28F3328300478652 /* protocols */ = {
			isa = PBXGroup;
			children = (
				8208567728F3332900478652 /* AnasayfaProtocols.swift */,
			);
			path = protocols;
			sourceTree = "<group>";
		};
		8208567028F3328B00478652 /* tableview */ = {
			isa = PBXGroup;
			children = (
				8220475E28EC98BD0001637D /* TableViewHucre.swift */,
			);
			path = tableview;
			sourceTree = "<group>";
		};
		8208567928F3336400478652 /* entity */ = {
			isa = PBXGroup;
			children = (
				82F175CC28EA1E7100D754DE /* Kisiler.swift */,
			);
			path = entity;
			sourceTree = "<group>";
		};
		8208567B28F3364700478652 /* kisikayit-module */ = {
			isa = PBXGroup;
			children = (
				8208568028F3367700478652 /* protocols */,
				8208567F28F3367200478652 /* router */,
				8208567E28F3366400478652 /* interactor */,
				8208567D28F3365F00478652 /* presenter */,
				8208567C28F3365600478652 /* view */,
			);
			path = "kisikayit-module";
			sourceTree = "<group>";
		};
		8208567C28F3365600478652 /* view */ = {
			isa = PBXGroup;
			children = (
				82F175C828EA14FD00D754DE /* KisiKayitVC.swift */,
			);
			path = view;
			sourceTree = "<group>";
		};
		8208567D28F3365F00478652 /* presenter */ = {
			isa = PBXGroup;
			children = (
				8208568128F3369800478652 /* KisiKayitPresenter.swift */,
			);
			path = presenter;
			sourceTree = "<group>";
		};
		8208567E28F3366400478652 /* interactor */ = {
			isa = PBXGroup;
			children = (
				8208568328F336AA00478652 /* KisiKayitInteractor.swift */,
			);
			path = interactor;
			sourceTree = "<group>";
		};
		8208567F28F3367200478652 /* router */ = {
			isa = PBXGroup;
			children = (
				8208568528F336BE00478652 /* KisiKayitRouter.swift */,
			);
			path = router;
			sourceTree = "<group>";
		};
		8208568028F3367700478652 /* protocols */ = {
			isa = PBXGroup;
			children = (
				8208568728F336D300478652 /* KisiKayitProtocols.swift */,
			);
			path = protocols;
			sourceTree = "<group>";
		};
		8208568928F3370E00478652 /* kisidetay-module */ = {
			isa = PBXGroup;
			children = (
				8208568E28F3373200478652 /* protocols */,
				8208568D28F3372D00478652 /* router */,
				8208568C28F3372700478652 /* interactor */,
				8208568B28F3372000478652 /* presenter */,
				8208568A28F3371B00478652 /* view */,
			);
			path = "kisidetay-module";
			sourceTree = "<group>";
		};
		8208568A28F3371B00478652 /* view */ = {
			isa = PBXGroup;
			children = (
				82F175CA28EA151D00D754DE /* KisiDetayVC.swift */,
			);
			path = view;
			sourceTree = "<group>";
		};
		8208568B28F3372000478652 /* presenter */ = {
			isa = PBXGroup;
			children = (
				8208568F28F3374500478652 /* KisiDetayPresenter.swift */,
			);
			path = presenter;
			sourceTree = "<group>";
		};
		8208568C28F3372700478652 /* interactor */ = {
			isa = PBXGroup;
			children = (
				8208569128F3375F00478652 /* KisiDetayInteractor.swift */,
			);
			path = interactor;
			sourceTree = "<group>";
		};
		8208568D28F3372D00478652 /* router */ = {
			isa = PBXGroup;
			children = (
				8208569328F3377100478652 /* KisiDetayRouter.swift */,
			);
			path = router;
			sourceTree = "<group>";
		};
		8208568E28F3373200478652 /* protocols */ = {
			isa = PBXGroup;
			children = (
				8208569528F3378500478652 /* KisiDetayProtocols.swift */,
			);
			path = protocols;
			sourceTree = "<group>";
		};
		82F175A828EA132900D754DE = {
			isa = PBXGroup;
			children = (
				82F175B328EA132900D754DE /* KisilerUygulamasi */,
				82F175B228EA132900D754DE /* Products */,
			);
			sourceTree = "<group>";
		};
		82F175B228EA132900D754DE /* Products */ = {
			isa = PBXGroup;
			children = (
				82F175B128EA132900D754DE /* KisilerUygulamasi.app */,
			);
			name = Products;
			sourceTree = "<group>";
		};
		82F175B328EA132900D754DE /* KisilerUygulamasi */ = {
			isa = PBXGroup;
			children = (
				82F175B428EA132900D754DE /* AppDelegate.swift */,
				82F175B628EA132900D754DE /* SceneDelegate.swift */,
				8208568928F3370E00478652 /* kisidetay-module */,
				8208567B28F3364700478652 /* kisikayit-module */,
				8208567928F3336400478652 /* entity */,
				8208566A28F3325900478652 /* anasayfa-module */,
				82F175BA28EA132900D754DE /* Main.storyboard */,
				82F175BD28EA132B00D754DE /* Assets.xcassets */,
				82F175BF28EA132B00D754DE /* LaunchScreen.storyboard */,
				82F175C228EA132B00D754DE /* Info.plist */,
			);
			path = KisilerUygulamasi;
			sourceTree = "<group>";
		};
/* End PBXGroup section */

/* Begin PBXNativeTarget section */
		82F175B028EA132900D754DE /* KisilerUygulamasi */ = {
			isa = PBXNativeTarget;
			buildConfigurationList = 82F175C528EA132B00D754DE /* Build configuration list for PBXNativeTarget "KisilerUygulamasi" */;
			buildPhases = (
				82F175AD28EA132900D754DE /* Sources */,
				82F175AE28EA132900D754DE /* Frameworks */,
				82F175AF28EA132900D754DE /* Resources */,
			);
			buildRules = (
			);
			dependencies = (
			);
			name = KisilerUygulamasi;
			productName = KisilerUygulamasi;
			productReference = 82F175B128EA132900D754DE /* KisilerUygulamasi.app */;
			productType = "com.apple.product-type.application";
		};
/* End PBXNativeTarget section */

/* Begin PBXProject section */
		82F175A928EA132900D754DE /* Project object */ = {
			isa = PBXProject;
			attributes = {
				BuildIndependentTargetsInParallel = 1;
				LastSwiftUpdateCheck = 1340;
				LastUpgradeCheck = 1340;
				TargetAttributes = {
					82F175B028EA132900D754DE = {
						CreatedOnToolsVersion = 13.4.1;
					};
				};
			};
			buildConfigurationList = 82F175AC28EA132900D754DE /* Build configuration list for PBXProject "KisilerUygulamasi" */;
			compatibilityVersion = "Xcode 13.0";
			developmentRegion = en;
			hasScannedForEncodings = 0;
			knownRegions = (
				en,
				Base,
			);
			mainGroup = 82F175A828EA132900D754DE;
			productRefGroup = 82F175B228EA132900D754DE /* Products */;
			projectDirPath = "";
			projectRoot = "";
			targets = (
				82F175B028EA132900D754DE /* KisilerUygulamasi */,
			);
		};
/* End PBXProject section */

/* Begin PBXResourcesBuildPhase section */
		82F175AF28EA132900D754DE /* Resources */ = {
			isa = PBXResourcesBuildPhase;
			buildActionMask = 2147483647;
			files = (
				82F175C128EA132B00D754DE /* LaunchScreen.storyboard in Resources */,
				82F175BE28EA132B00D754DE /* Assets.xcassets in Resources */,
				82F175BC28EA132900D754DE /* Main.storyboard in Resources */,
			);
			runOnlyForDeploymentPostprocessing = 0;
		};
/* End PBXResourcesBuildPhase section */

/* Begin PBXSourcesBuildPhase section */
		82F175AD28EA132900D754DE /* Sources */ = {
			isa = PBXSourcesBuildPhase;
			buildActionMask = 2147483647;
			files = (
				8208568428F336AA00478652 /* KisiKayitInteractor.swift in Sources */,
				8208568628F336BE00478652 /* KisiKayitRouter.swift in Sources */,
				8208569228F3375F00478652 /* KisiDetayInteractor.swift in Sources */,
				8208569028F3374500478652 /* KisiDetayPresenter.swift in Sources */,
				8208567828F3332900478652 /* AnasayfaProtocols.swift in Sources */,
				8208568228F3369800478652 /* KisiKayitPresenter.swift in Sources */,
				8208568828F336D300478652 /* KisiKayitProtocols.swift in Sources */,
				82F175CB28EA151D00D754DE /* KisiDetayVC.swift in Sources */,
				82F175B928EA132900D754DE /* AnasayfaVC.swift in Sources */,
				8208569628F3378500478652 /* KisiDetayProtocols.swift in Sources */,
				82F175B528EA132900D754DE /* AppDelegate.swift in Sources */,
				8208567428F332FA00478652 /* AnasayfaInteractor.swift in Sources */,
				8220475F28EC98BD0001637D /* TableViewHucre.swift in Sources */,
				8208569428F3377100478652 /* KisiDetayRouter.swift in Sources */,
				82F175B728EA132900D754DE /* SceneDelegate.swift in Sources */,
				8208567628F3331300478652 /* AnasayfaRouter.swift in Sources */,
				82F175C928EA14FD00D754DE /* KisiKayitVC.swift in Sources */,
				8208567228F332D600478652 /* AnasayfaPresenter.swift in Sources */,
				82F175CD28EA1E7100D754DE /* Kisiler.swift in Sources */,
			);
			runOnlyForDeploymentPostprocessing = 0;
		};
/* End PBXSourcesBuildPhase section */

/* Begin PBXVariantGroup section */
		82F175BA28EA132900D754DE /* Main.storyboard */ = {
			isa = PBXVariantGroup;
			children = (
				82F175BB28EA132900D754DE /* Base */,
			);
			name = Main.storyboard;
			sourceTree = "<group>";
		};
		82F175BF28EA132B00D754DE /* LaunchScreen.storyboard */ = {
			isa = PBXVariantGroup;
			children = (
				82F175C028EA132B00D754DE /* Base */,
			);
			name = LaunchScreen.storyboard;
			sourceTree = "<group>";
		};
/* End PBXVariantGroup section */

/* Begin XCBuildConfiguration section */
		82F175C328EA132B00D754DE /* Debug */ = {
			isa = XCBuildConfiguration;
			buildSettings = {
				ALWAYS_SEARCH_USER_PATHS = NO;
				CLANG_ANALYZER_NONNULL = YES;
				CLANG_ANALYZER_NUMBER_OBJECT_CONVERSION = YES_AGGRESSIVE;
				CLANG_CXX_LANGUAGE_STANDARD = "gnu++17";
				CLANG_ENABLE_MODULES = YES;
				CLANG_ENABLE_OBJC_ARC = YES;
				CLANG_ENABLE_OBJC_WEAK = YES;
				CLANG_WARN_BLOCK_CAPTURE_AUTORELEASING = YES;
				CLANG_WARN_BOOL_CONVERSION = YES;
				CLANG_WARN_COMMA = YES;
				CLANG_WARN_CONSTANT_CONVERSION = YES;
				CLANG_WARN_DEPRECATED_OBJC_IMPLEMENTATIONS = YES;
				CLANG_WARN_DIRECT_OBJC_ISA_USAGE = YES_ERROR;
				CLANG_WARN_DOCUMENTATION_COMMENTS = YES;
				CLANG_WARN_EMPTY_BODY = YES;
				CLANG_WARN_ENUM_CONVERSION = YES;
				CLANG_WARN_INFINITE_RECURSION = YES;
				CLANG_WARN_INT_CONVERSION = YES;
				CLANG_WARN_NON_LITERAL_NULL_CONVERSION = YES;
				CLANG_WARN_OBJC_IMPLICIT_RETAIN_SELF = YES;
				CLANG_WARN_OBJC_LITERAL_CONVERSION = YES;
				CLANG_WARN_OBJC_ROOT_CLASS = YES_ERROR;
				CLANG_WARN_QUOTED_INCLUDE_IN_FRAMEWORK_HEADER = YES;
				CLANG_WARN_RANGE_LOOP_ANALYSIS = YES;
				CLANG_WARN_STRICT_PROTOTYPES = YES;
				CLANG_WARN_SUSPICIOUS_MOVE = YES;
				CLANG_WARN_UNGUARDED_AVAILABILITY = YES_AGGRESSIVE;
				CLANG_WARN_UNREACHABLE_CODE = YES;
				CLANG_WARN__DUPLICATE_METHOD_MATCH = YES;
				COPY_PHASE_STRIP = NO;
				DEBUG_INFORMATION_FORMAT = dwarf;
				ENABLE_STRICT_OBJC_MSGSEND = YES;
				ENABLE_TESTABILITY = YES;
				GCC_C_LANGUAGE_STANDARD = gnu11;
				GCC_DYNAMIC_NO_PIC = NO;
				GCC_NO_COMMON_BLOCKS = YES;
				GCC_OPTIMIZATION_LEVEL = 0;
				GCC_PREPROCESSOR_DEFINITIONS = (
					"DEBUG=1",
					"$(inherited)",
				);
				GCC_WARN_64_TO_32_BIT_CONVERSION = YES;
				GCC_WARN_ABOUT_RETURN_TYPE = YES_ERROR;
				GCC_WARN_UNDECLARED_SELECTOR = YES;
				GCC_WARN_UNINITIALIZED_AUTOS = YES_AGGRESSIVE;
				GCC_WARN_UNUSED_FUNCTION = YES;
				GCC_WARN_UNUSED_VARIABLE = YES;
				IPHONEOS_DEPLOYMENT_TARGET = 15.5;
				MTL_ENABLE_DEBUG_INFO = INCLUDE_SOURCE;
				MTL_FAST_MATH = YES;
				ONLY_ACTIVE_ARCH = YES;
				SDKROOT = iphoneos;
				SWIFT_ACTIVE_COMPILATION_CONDITIONS = DEBUG;
				SWIFT_OPTIMIZATION_LEVEL = "-Onone";
			};
			name = Debug;
		};
		82F175C428EA132B00D754DE /* Release */ = {
			isa = XCBuildConfiguration;
			buildSettings = {
				ALWAYS_SEARCH_USER_PATHS = NO;
				CLANG_ANALYZER_NONNULL = YES;
				CLANG_ANALYZER_NUMBER_OBJECT_CONVERSION = YES_AGGRESSIVE;
				CLANG_CXX_LANGUAGE_STANDARD = "gnu++17";
				CLANG_ENABLE_MODULES = YES;
				CLANG_ENABLE_OBJC_ARC = YES;
				CLANG_ENABLE_OBJC_WEAK = YES;
				CLANG_WARN_BLOCK_CAPTURE_AUTORELEASING = YES;
				CLANG_WARN_BOOL_CONVERSION = YES;
				CLANG_WARN_COMMA = YES;
				CLANG_WARN_CONSTANT_CONVERSION = YES;
				CLANG_WARN_DEPRECATED_OBJC_IMPLEMENTATIONS = YES;
				CLANG_WARN_DIRECT_OBJC_ISA_USAGE = YES_ERROR;
				CLANG_WARN_DOCUMENTATION_COMMENTS = YES;
				CLANG_WARN_EMPTY_BODY = YES;
				CLANG_WARN_ENUM_CONVERSION = YES;
				CLANG_WARN_INFINITE_RECURSION = YES;
				CLANG_WARN_INT_CONVERSION = YES;
				CLANG_WARN_NON_LITERAL_NULL_CONVERSION = YES;
				CLANG_WARN_OBJC_IMPLICIT_RETAIN_SELF = YES;
				CLANG_WARN_OBJC_LITERAL_CONVERSION = YES;
				CLANG_WARN_OBJC_ROOT_CLASS = YES_ERROR;
				CLANG_WARN_QUOTED_INCLUDE_IN_FRAMEWORK_HEADER = YES;
				CLANG_WARN_RANGE_LOOP_ANALYSIS = YES;
				CLANG_WARN_STRICT_PROTOTYPES = YES;
				CLANG_WARN_SUSPICIOUS_MOVE = YES;
				CLANG_WARN_UNGUARDED_AVAILABILITY = YES_AGGRESSIVE;
				CLANG_WARN_UNREACHABLE_CODE = YES;
				CLANG_WARN__DUPLICATE_METHOD_MATCH = YES;
				COPY_PHASE_STRIP = NO;
				DEBUG_INFORMATION_FORMAT = "dwarf-with-dsym";
				ENABLE_NS_ASSERTIONS = NO;
				ENABLE_STRICT_OBJC_MSGSEND = YES;
				GCC_C_LANGUAGE_STANDARD = gnu11;
				GCC_NO_COMMON_BLOCKS = YES;
				GCC_WARN_64_TO_32_BIT_CONVERSION = YES;
				GCC_WARN_ABOUT_RETURN_TYPE = YES_ERROR;
				GCC_WARN_UNDECLARED_SELECTOR = YES;
				GCC_WARN_UNINITIALIZED_AUTOS = YES_AGGRESSIVE;
				GCC_WARN_UNUSED_FUNCTION = YES;
				GCC_WARN_UNUSED_VARIABLE = YES;
				IPHONEOS_DEPLOYMENT_TARGET = 15.5;
				MTL_ENABLE_DEBUG_INFO = NO;
				MTL_FAST_MATH = YES;
				SDKROOT = iphoneos;
				SWIFT_COMPILATION_MODE = wholemodule;
				SWIFT_OPTIMIZATION_LEVEL = "-O";
				VALIDATE_PRODUCT = YES;
			};
			name = Release;
		};
		82F175C628EA132B00D754DE /* Debug */ = {
			isa = XCBuildConfiguration;
			buildSettings = {
				ASSETCATALOG_COMPILER_APPICON_NAME = AppIcon;
				ASSETCATALOG_COMPILER_GLOBAL_ACCENT_COLOR_NAME = AccentColor;
				CODE_SIGN_STYLE = Automatic;
				CURRENT_PROJECT_VERSION = 1;
				GENERATE_INFOPLIST_FILE = YES;
				INFOPLIST_FILE = KisilerUygulamasi/Info.plist;
				INFOPLIST_KEY_UIApplicationSupportsIndirectInputEvents = YES;
				INFOPLIST_KEY_UILaunchStoryboardName = LaunchScreen;
				INFOPLIST_KEY_UIMainStoryboardFile = Main;
				INFOPLIST_KEY_UISupportedInterfaceOrientations_iPad = "UIInterfaceOrientationPortrait UIInterfaceOrientationPortraitUpsideDown UIInterfaceOrientationLandscapeLeft UIInterfaceOrientationLandscapeRight";
				INFOPLIST_KEY_UISupportedInterfaceOrientations_iPhone = "UIInterfaceOrientationPortrait UIInterfaceOrientationLandscapeLeft UIInterfaceOrientationLandscapeRight";
				LD_RUNPATH_SEARCH_PATHS = (
					"$(inherited)",
					"@executable_path/Frameworks",
				);
				MARKETING_VERSION = 1.0;
				PRODUCT_BUNDLE_IDENTIFIER = com.info.KisilerUygulamasi;
				PRODUCT_NAME = "$(TARGET_NAME)";
				SWIFT_EMIT_LOC_STRINGS = YES;
				SWIFT_VERSION = 5.0;
				TARGETED_DEVICE_FAMILY = "1,2";
			};
			name = Debug;
		};
		82F175C728EA132B00D754DE /* Release */ = {
			isa = XCBuildConfiguration;
			buildSettings = {
				ASSETCATALOG_COMPILER_APPICON_NAME = AppIcon;
				ASSETCATALOG_COMPILER_GLOBAL_ACCENT_COLOR_NAME = AccentColor;
				CODE_SIGN_STYLE = Automatic;
				CURRENT_PROJECT_VERSION = 1;
				GENERATE_INFOPLIST_FILE = YES;
				INFOPLIST_FILE = KisilerUygulamasi/Info.plist;
				INFOPLIST_KEY_UIApplicationSupportsIndirectInputEvents = YES;
				INFOPLIST_KEY_UILaunchStoryboardName = LaunchScreen;
				INFOPLIST_KEY_UIMainStoryboardFile = Main;
				INFOPLIST_KEY_UISupportedInterfaceOrientations_iPad = "UIInterfaceOrientationPortrait UIInterfaceOrientationPortraitUpsideDown UIInterfaceOrientationLandscapeLeft UIInterfaceOrientationLandscapeRight";
				INFOPLIST_KEY_UISupportedInterfaceOrientations_iPhone = "UIInterfaceOrientationPortrait UIInterfaceOrientationLandscapeLeft UIInterfaceOrientationLandscapeRight";
				LD_RUNPATH_SEARCH_PATHS = (
					"$(inherited)",
					"@executable_path/Frameworks",
				);
				MARKETING_VERSION = 1.0;
				PRODUCT_BUNDLE_IDENTIFIER = com.info.KisilerUygulamasi;
				PRODUCT_NAME = "$(TARGET_NAME)";
				SWIFT_EMIT_LOC_STRINGS = YES;
				SWIFT_VERSION = 5.0;
				TARGETED_DEVICE_FAMILY = "1,2";
			};
			name = Release;
		};
/* End XCBuildConfiguration section */

/* Begin XCConfigurationList section */
		82F175AC28EA132900D754DE /* Build configuration list for PBXProject "KisilerUygulamasi" */ = {
			isa = XCConfigurationList;
			buildConfigurations = (
				82F175C328EA132B00D754DE /* Debug */,
				82F175C428EA132B00D754DE /* Release */,
			);
			defaultConfigurationIsVisible = 0;
			defaultConfigurationName = Release;
		};
		82F175C528EA132B00D754DE /* Build configuration list for PBXNativeTarget "KisilerUygulamasi" */ = {
			isa = XCConfigurationList;
			buildConfigurations = (
				82F175C628EA132B00D754DE /* Debug */,
				82F175C728EA132B00D754DE /* Release */,
			);
			defaultConfigurationIsVisible = 0;
			defaultConfigurationName = Release;
		};
/* End XCConfigurationList section */
	};
	rootObject = 82F175A928EA132900D754DE /* Project object */;
}
